PODS:
  - CTMediator (25)
  - CYLTabBarController (1.28.3):
    - CYLTabBarController/Core (= 1.28.3)
  - CYLTabBarController/Core (1.28.3)
  - HLClassificationModule (0.1.0):
    - HLCTMediator
  - HLCoreLibrary (0.1.0)
  - HLCTMediator (0.1.0):
    - CTMediator
  - HLMarketModule (0.1.0):
    - HLCTMediator
  - HLMomentsModule (0.1.0):
    - HLCTMediator
  - HLNewsModule (0.1.0):
    - CTMediator
    - HLCTMediator
  - HLProfileUI (0.1.0):
    - HLCTMediator
    - SnapKit
    - WeexSDK
  - SnapKit (4.2.0)
  - WeexSDK (0.24.0)
  - ZIKRouter/ServiceRouter (1.0.12)
  - ZIKRouter/ViewRouter (1.0.12):
    - ZIKRouter/ServiceRouter
  - ZRouter (1.0.12):
    - ZRouter/ServiceRouter (= 1.0.12)
    - ZRouter/ViewRouter (= 1.0.12)
  - ZRouter/ServiceRouter (1.0.12):
    - ZIKRouter/ServiceRouter (>= 1.0.12)
  - ZRouter/ViewRouter (1.0.12):
    - ZIKRouter/ViewRouter (>= 1.0.12)
    - ZRouter/ServiceRouter

DEPENDENCIES:
  - CTMediator
  - CYLTabBarController (~> 1.28.3)
  - HLClassificationModule (from `../HLClassificationModule`)
  - HLCoreLibrary (from `../HLCoreLibrary`)
  - HLCTMediator (from `../HLCTMediator`)
  - HLMarketModule (from `../HLMarketModule`)
  - HLMomentsModule (from `../HLMomentsModule`)
  - HLNewsModule (from `../HLNewsModule`)
  - HLProfileUI (from `../HLProfileUI`)
  - SnapKit (~> 4.2.0)
  - WeexSDK (~> 0.24.0)
  - ZRouter (~> 1.0.12)

SPEC REPOS:
  https://github.com/cocoapods/specs.git:
    - CTMediator
    - CYLTabBarController
    - SnapKit
    - WeexSDK
    - ZIKRouter
    - ZRouter

EXTERNAL SOURCES:
  HLClassificationModule:
    :path: "../HLClassificationModule"
  HLCoreLibrary:
    :path: "../HLCoreLibrary"
  HLCTMediator:
    :path: "../HLCTMediator"
  HLMarketModule:
    :path: "../HLMarketModule"
  HLMomentsModule:
    :path: "../HLMomentsModule"
  HLNewsModule:
    :path: "../HLNewsModule"
  HLProfileUI:
    :path: "../HLProfileUI"

SPEC CHECKSUMS:
  CTMediator: 830c1fc204b3a6abf2a059510c7380f56343da0f
  CYLTabBarController: cd14c6260a38337600737873a57b3114c7065a8e
  HLClassificationModule: 0ab4650f189200fe781bc6fdccd3ecfacba0ad49
  HLCoreLibrary: cf11033c90fe8f36b064a167f1af210f707b9389
  HLCTMediator: f08dc49f5e9cd4b894ffe22fd3e39e430fcda9ef
  HLMarketModule: d1964d88c4d788c4c49326952d376a6640a6d69c
  HLMomentsModule: e465d0b22497c04fb584b490889d2588df9818fe
  HLNewsModule: 7bc1dc8552acabd7a9aaee8ca85eace30e6876dd
  HLProfileUI: 0e7b4ff75b94960d07f2a0c976912cdd4150319b
  SnapKit: fe8a619752f3f27075cc9a90244d75c6c3f27e2a
  WeexSDK: 5bd35be9c035c67c84d1ba15712360bb0d0ba6b5
  ZIKRouter: 8802d95cb52e7fb35d739312102450cfd8e45863
  ZRouter: 7932478204a18d3de18cc928225e272db5dfaa74

PODFILE CHECKSUM: bb3a22299f2f3c69e8af9383bd0176ec65b91e37

COCOAPODS: 1.7.2
