// !$*UTF8*$!
{
	archiveVersion = 1;
	classes = {
	};
	objectVersion = 50;
	objects = {

/* Begin PBXBuildFile section */
		5C78E01722D5BED600915C25 /* AppDelegate.swift in Sources */ = {isa = PBXBuildFile; fileRef = 5C78E01622D5BED600915C25 /* AppDelegate.swift */; };
		5C78E01922D5BED600915C25 /* ViewController.swift in Sources */ = {isa = PBXBuildFile; fileRef = 5C78E01822D5BED600915C25 /* ViewController.swift */; };
		5C78E01C22D5BED600915C25 /* Main.storyboard in Resources */ = {isa = PBXBuildFile; fileRef = 5C78E01A22D5BED600915C25 /* Main.storyboard */; };
		5C78E01E22D5BED800915C25 /* Assets.xcassets in Resources */ = {isa = PBXBuildFile; fileRef = 5C78E01D22D5BED800915C25 /* Assets.xcassets */; };
		5C78E02122D5BED800915C25 /* LaunchScreen.storyboard in Resources */ = {isa = PBXBuildFile; fileRef = 5C78E01F22D5BED800915C25 /* LaunchScreen.storyboard */; };
		5C78E02C22D5BED800915C25 /* HLYunVillageTests.swift in Sources */ = {isa = PBXBuildFile; fileRef = 5C78E02B22D5BED800915C25 /* HLYunVillageTests.swift */; };
		5C78E03722D5BED800915C25 /* HLYunVillageUITests.swift in Sources */ = {isa = PBXBuildFile; fileRef = 5C78E03622D5BED800915C25 /* HLYunVillageUITests.swift */; };
/* End PBXBuildFile section */

/* Begin PBXContainerItemProxy section */
		5C78E02822D5BED800915C25 /* PBXContainerItemProxy */ = {
			isa = PBXContainerItemProxy;
			containerPortal = 5C78E00B22D5BED600915C25 /* Project object */;
			proxyType = 1;
			remoteGlobalIDString = 5C78E01222D5BED600915C25;
			remoteInfo = HLYunVillage;
		};
		5C78E03322D5BED800915C25 /* PBXContainerItemProxy */ = {
			isa = PBXContainerItemProxy;
			containerPortal = 5C78E00B22D5BED600915C25 /* Project object */;
			proxyType = 1;
			remoteGlobalIDString = 5C78E01222D5BED600915C25;
			remoteInfo = HLYunVillage;
		};
/* End PBXContainerItemProxy section */

/* Begin PBXFileReference section */
		5C78E01322D5BED600915C25 /* HLYunVillage.app */ = {isa = PBXFileReference; explicitFileType = wrapper.application; includeInIndex = 0; path = HLYunVillage.app; sourceTree = BUILT_PRODUCTS_DIR; };
		5C78E01622D5BED600915C25 /* AppDelegate.swift */ = {isa = PBXFileReference; lastKnownFileType = sourcecode.swift; path = AppDelegate.swift; sourceTree = "<group>"; };
		5C78E01822D5BED600915C25 /* ViewController.swift */ = {isa = PBXFileReference; lastKnownFileType = sourcecode.swift; path = ViewController.swift; sourceTree = "<group>"; };
		5C78E01B22D5BED600915C25 /* Base */ = {isa = PBXFileReference; lastKnownFileType = file.storyboard; name = Base; path = Base.lproj/Main.storyboard; sourceTree = "<group>"; };
		5C78E01D22D5BED800915C25 /* Assets.xcassets */ = {isa = PBXFileReference; lastKnownFileType = folder.assetcatalog; path = Assets.xcassets; sourceTree = "<group>"; };
		5C78E02022D5BED800915C25 /* Base */ = {isa = PBXFileReference; lastKnownFileType = file.storyboard; name = Base; path = Base.lproj/LaunchScreen.storyboard; sourceTree = "<group>"; };
		5C78E02222D5BED800915C25 /* Info.plist */ = {isa = PBXFileReference; lastKnownFileType = text.plist.xml; path = Info.plist; sourceTree = "<group>"; };
		5C78E02722D5BED800915C25 /* HLYunVillageTests.xctest */ = {isa = PBXFileReference; explicitFileType = wrapper.cfbundle; includeInIndex = 0; path = HLYunVillageTests.xctest; sourceTree = BUILT_PRODUCTS_DIR; };
		5C78E02B22D5BED800915C25 /* HLYunVillageTests.swift */ = {isa = PBXFileReference; lastKnownFileType = sourcecode.swift; path = HLYunVillageTests.swift; sourceTree = "<group>"; };
		5C78E02D22D5BED800915C25 /* Info.plist */ = {isa = PBXFileReference; lastKnownFileType = text.plist.xml; path = Info.plist; sourceTree = "<group>"; };
		5C78E03222D5BED800915C25 /* HLYunVillageUITests.xctest */ = {isa = PBXFileReference; explicitFileType = wrapper.cfbundle; includeInIndex = 0; path = HLYunVillageUITests.xctest; sourceTree = BUILT_PRODUCTS_DIR; };
		5C78E03622D5BED800915C25 /* HLYunVillageUITests.swift */ = {isa = PBXFileReference; lastKnownFileType = sourcecode.swift; path = HLYunVillageUITests.swift; sourceTree = "<group>"; };
		5C78E03822D5BED800915C25 /* Info.plist */ = {isa = PBXFileReference; lastKnownFileType = text.plist.xml; path = Info.plist; sourceTree = "<group>"; };
/* End PBXFileReference section */

/* Begin PBXFrameworksBuildPhase section */
		5C78E01022D5BED600915C25 /* Frameworks */ = {
			isa = PBXFrameworksBuildPhase;
			buildActionMask = 2147483647;
			files = (
			);
			runOnlyForDeploymentPostprocessing = 0;
		};
		5C78E02422D5BED800915C25 /* Frameworks */ = {
			isa = PBXFrameworksBuildPhase;
			buildActionMask = 2147483647;
			files = (
			);
			runOnlyForDeploymentPostprocessing = 0;
		};
		5C78E02F22D5BED800915C25 /* Frameworks */ = {
			isa = PBXFrameworksBuildPhase;
			buildActionMask = 2147483647;
			files = (
			);
			runOnlyForDeploymentPostprocessing = 0;
		};
/* End PBXFrameworksBuildPhase section */

/* Begin PBXGroup section */
		5C78E00A22D5BED600915C25 = {
			isa = PBXGroup;
			children = (
				5C78E01522D5BED600915C25 /* HLYunVillage */,
				5C78E02A22D5BED800915C25 /* HLYunVillageTests */,
				5C78E03522D5BED800915C25 /* HLYunVillageUITests */,
				5C78E01422D5BED600915C25 /* Products */,
			);
			sourceTree = "<group>";
		};
		5C78E01422D5BED600915C25 /* Products */ = {
			isa = PBXGroup;
			children = (
				5C78E01322D5BED600915C25 /* HLYunVillage.app */,
				5C78E02722D5BED800915C25 /* HLYunVillageTests.xctest */,
				5C78E03222D5BED800915C25 /* HLYunVillageUITests.xctest */,
			);
			name = Products;
			sourceTree = "<group>";
		};
		5C78E01522D5BED600915C25 /* HLYunVillage */ = {
			isa = PBXGroup;
			children = (
				5C78E01622D5BED600915C25 /* AppDelegate.swift */,
				5C78E01822D5BED600915C25 /* ViewController.swift */,
				5C78E01A22D5BED600915C25 /* Main.storyboard */,
				5C78E01D22D5BED800915C25 /* Assets.xcassets */,
				5C78E01F22D5BED800915C25 /* LaunchScreen.storyboard */,
				5C78E02222D5BED800915C25 /* Info.plist */,
			);
			path = HLYunVillage;
			sourceTree = "<group>";
		};
		5C78E02A22D5BED800915C25 /* HLYunVillageTests */ = {
			isa = PBXGroup;
			children = (
				5C78E02B22D5BED800915C25 /* HLYunVillageTests.swift */,
				5C78E02D22D5BED800915C25 /* Info.plist */,
			);
			path = HLYunVillageTests;
			sourceTree = "<group>";
		};
		5C78E03522D5BED800915C25 /* HLYunVillageUITests */ = {
			isa = PBXGroup;
			children = (
				5C78E03622D5BED800915C25 /* HLYunVillageUITests.swift */,
				5C78E03822D5BED800915C25 /* Info.plist */,
			);
			path = HLYunVillageUITests;
			sourceTree = "<group>";
		};
/* End PBXGroup section */

/* Begin PBXNativeTarget section */
		5C78E01222D5BED600915C25 /* HLYunVillage */ = {
			isa = PBXNativeTarget;
			buildConfigurationList = 5C78E03B22D5BED800915C25 /* Build configuration list for PBXNativeTarget "HLYunVillage" */;
			buildPhases = (
				5C78E00F22D5BED600915C25 /* Sources */,
				5C78E01022D5BED600915C25 /* Frameworks */,
				5C78E01122D5BED600915C25 /* Resources */,
			);
			buildRules = (
			);
			dependencies = (
			);
			name = HLYunVillage;
			productName = HLYunVillage;
			productReference = 5C78E01322D5BED600915C25 /* HLYunVillage.app */;
			productType = "com.apple.product-type.application";
		};
		5C78E02622D5BED800915C25 /* HLYunVillageTests */ = {
			isa = PBXNativeTarget;
			buildConfigurationList = 5C78E03E22D5BED800915C25 /* Build configuration list for PBXNativeTarget "HLYunVillageTests" */;
			buildPhases = (
				5C78E02322D5BED800915C25 /* Sources */,
				5C78E02422D5BED800915C25 /* Frameworks */,
				5C78E02522D5BED800915C25 /* Resources */,
			);
			buildRules = (
			);
			dependencies = (
				5C78E02922D5BED800915C25 /* PBXTargetDependency */,
			);
			name = HLYunVillageTests;
			productName = HLYunVillageTests;
			productReference = 5C78E02722D5BED800915C25 /* HLYunVillageTests.xctest */;
			productType = "com.apple.product-type.bundle.unit-test";
		};
		5C78E03122D5BED800915C25 /* HLYunVillageUITests */ = {
			isa = PBXNativeTarget;
			buildConfigurationList = 5C78E04122D5BED800915C25 /* Build configuration list for PBXNativeTarget "HLYunVillageUITests" */;
			buildPhases = (
				5C78E02E22D5BED800915C25 /* Sources */,
				5C78E02F22D5BED800915C25 /* Frameworks */,
				5C78E03022D5BED800915C25 /* Resources */,
			);
			buildRules = (
			);
			dependencies = (
				5C78E03422D5BED800915C25 /* PBXTargetDependency */,
			);
			name = HLYunVillageUITests;
			productName = HLYunVillageUITests;
			productReference = 5C78E03222D5BED800915C25 /* HLYunVillageUITests.xctest */;
			productType = "com.apple.product-type.bundle.ui-testing";
		};
/* End PBXNativeTarget section */

/* Begin PBXProject section */
		5C78E00B22D5BED600915C25 /* Project object */ = {
			isa = PBXProject;
			attributes = {
				LastSwiftUpdateCheck = 1010;
				LastUpgradeCheck = 1010;
				ORGANIZATIONNAME = HaviLee;
				TargetAttributes = {
					5C78E01222D5BED600915C25 = {
						CreatedOnToolsVersion = 10.1;
					};
					5C78E02622D5BED800915C25 = {
						CreatedOnToolsVersion = 10.1;
						TestTargetID = 5C78E01222D5BED600915C25;
					};
					5C78E03122D5BED800915C25 = {
						CreatedOnToolsVersion = 10.1;
						TestTargetID = 5C78E01222D5BED600915C25;
					};
				};
			};
			buildConfigurationList = 5C78E00E22D5BED600915C25 /* Build configuration list for PBXProject "HLYunVillage" */;
			compatibilityVersion = "Xcode 9.3";
			developmentRegion = en;
			hasScannedForEncodings = 0;
			knownRegions = (
				en,
				Base,
			);
			mainGroup = 5C78E00A22D5BED600915C25;
			productRefGroup = 5C78E01422D5BED600915C25 /* Products */;
			projectDirPath = "";
			projectRoot = "";
			targets = (
				5C78E01222D5BED600915C25 /* HLYunVillage */,
				5C78E02622D5BED800915C25 /* HLYunVillageTests */,
				5C78E03122D5BED800915C25 /* HLYunVillageUITests */,
			);
		};
/* End PBXProject section */

/* Begin PBXResourcesBuildPhase section */
		5C78E01122D5BED600915C25 /* Resources */ = {
			isa = PBXResourcesBuildPhase;
			buildActionMask = 2147483647;
			files = (
				5C78E02122D5BED800915C25 /* LaunchScreen.storyboard in Resources */,
				5C78E01E22D5BED800915C25 /* Assets.xcassets in Resources */,
				5C78E01C22D5BED600915C25 /* Main.storyboard in Resources */,
			);
			runOnlyForDeploymentPostprocessing = 0;
		};
		5C78E02522D5BED800915C25 /* Resources */ = {
			isa = PBXResourcesBuildPhase;
			buildActionMask = 2147483647;
			files = (
			);
			runOnlyForDeploymentPostprocessing = 0;
		};
		5C78E03022D5BED800915C25 /* Resources */ = {
			isa = PBXResourcesBuildPhase;
			buildActionMask = 2147483647;
			files = (
			);
			runOnlyForDeploymentPostprocessing = 0;
		};
/* End PBXResourcesBuildPhase section */

/* Begin PBXSourcesBuildPhase section */
		5C78E00F22D5BED600915C25 /* Sources */ = {
			isa = PBXSourcesBuildPhase;
			buildActionMask = 2147483647;
			files = (
				5C78E01922D5BED600915C25 /* ViewController.swift in Sources */,
				5C78E01722D5BED600915C25 /* AppDelegate.swift in Sources */,
			);
			runOnlyForDeploymentPostprocessing = 0;
		};
		5C78E02322D5BED800915C25 /* Sources */ = {
			isa = PBXSourcesBuildPhase;
			buildActionMask = 2147483647;
			files = (
				5C78E02C22D5BED800915C25 /* HLYunVillageTests.swift in Sources */,
			);
			runOnlyForDeploymentPostprocessing = 0;
		};
		5C78E02E22D5BED800915C25 /* Sources */ = {
			isa = PBXSourcesBuildPhase;
			buildActionMask = 2147483647;
			files = (
				5C78E03722D5BED800915C25 /* HLYunVillageUITests.swift in Sources */,
			);
			runOnlyForDeploymentPostprocessing = 0;
		};
/* End PBXSourcesBuildPhase section */

/* Begin PBXTargetDependency section */
		5C78E02922D5BED800915C25 /* PBXTargetDependency */ = {
			isa = PBXTargetDependency;
			target = 5C78E01222D5BED600915C25 /* HLYunVillage */;
			targetProxy = 5C78E02822D5BED800915C25 /* PBXContainerItemProxy */;
		};
		5C78E03422D5BED800915C25 /* PBXTargetDependency */ = {
			isa = PBXTargetDependency;
			target = 5C78E01222D5BED600915C25 /* HLYunVillage */;
			targetProxy = 5C78E03322D5BED800915C25 /* PBXContainerItemProxy */;
		};
/* End PBXTargetDependency section */

/* Begin PBXVariantGroup section */
		5C78E01A22D5BED600915C25 /* Main.storyboard */ = {
			isa = PBXVariantGroup;
			children = (
				5C78E01B22D5BED600915C25 /* Base */,
			);
			name = Main.storyboard;
			sourceTree = "<group>";
		};
		5C78E01F22D5BED800915C25 /* LaunchScreen.storyboard */ = {
			isa = PBXVariantGroup;
			children = (
				5C78E02022D5BED800915C25 /* Base */,
			);
			name = LaunchScreen.storyboard;
			sourceTree = "<group>";
		};
/* End PBXVariantGroup section */

/* Begin XCBuildConfiguration section */
		5C78E03922D5BED800915C25 /* Debug */ = {
			isa = XCBuildConfiguration;
			buildSettings = {
				ALWAYS_SEARCH_USER_PATHS = NO;
				CLANG_ANALYZER_NONNULL = YES;
				CLANG_ANALYZER_NUMBER_OBJECT_CONVERSION = YES_AGGRESSIVE;
				CLANG_CXX_LANGUAGE_STANDARD = "gnu++14";
				CLANG_CXX_LIBRARY = "libc++";
				CLANG_ENABLE_MODULES = YES;
				CLANG_ENABLE_OBJC_ARC = YES;
				CLANG_ENABLE_OBJC_WEAK = YES;
				CLANG_WARN_BLOCK_CAPTURE_AUTORELEASING = YES;
				CLANG_WARN_BOOL_CONVERSION = YES;
				CLANG_WARN_COMMA = YES;
				CLANG_WARN_CONSTANT_CONVERSION = YES;
				CLANG_WARN_DEPRECATED_OBJC_IMPLEMENTATIONS = YES;
				CLANG_WARN_DIRECT_OBJC_ISA_USAGE = YES_ERROR;
				CLANG_WARN_DOCUMENTATION_COMMENTS = YES;
				CLANG_WARN_EMPTY_BODY = YES;
				CLANG_WARN_ENUM_CONVERSION = YES;
				CLANG_WARN_INFINITE_RECURSION = YES;
				CLANG_WARN_INT_CONVERSION = YES;
				CLANG_WARN_NON_LITERAL_NULL_CONVERSION = YES;
				CLANG_WARN_OBJC_IMPLICIT_RETAIN_SELF = YES;
				CLANG_WARN_OBJC_LITERAL_CONVERSION = YES;
				CLANG_WARN_OBJC_ROOT_CLASS = YES_ERROR;
				CLANG_WARN_RANGE_LOOP_ANALYSIS = YES;
				CLANG_WARN_STRICT_PROTOTYPES = YES;
				CLANG_WARN_SUSPICIOUS_MOVE = YES;
				CLANG_WARN_UNGUARDED_AVAILABILITY = YES_AGGRESSIVE;
				CLANG_WARN_UNREACHABLE_CODE = YES;
				CLANG_WARN__DUPLICATE_METHOD_MATCH = YES;
				CODE_SIGN_IDENTITY = "iPhone Developer";
				COPY_PHASE_STRIP = NO;
				DEBUG_INFORMATION_FORMAT = dwarf;
				ENABLE_STRICT_OBJC_MSGSEND = YES;
				ENABLE_TESTABILITY = YES;
				GCC_C_LANGUAGE_STANDARD = gnu11;
				GCC_DYNAMIC_NO_PIC = NO;
				GCC_NO_COMMON_BLOCKS = YES;
				GCC_OPTIMIZATION_LEVEL = 0;
				GCC_PREPROCESSOR_DEFINITIONS = (
					"DEBUG=1",
					"$(inherited)",
				);
				GCC_WARN_64_TO_32_BIT_CONVERSION = YES;
				GCC_WARN_ABOUT_RETURN_TYPE = YES_ERROR;
				GCC_WARN_UNDECLARED_SELECTOR = YES;
				GCC_WARN_UNINITIALIZED_AUTOS = YES_AGGRESSIVE;
				GCC_WARN_UNUSED_FUNCTION = YES;
				GCC_WARN_UNUSED_VARIABLE = YES;
				IPHONEOS_DEPLOYMENT_TARGET = 12.1;
				MTL_ENABLE_DEBUG_INFO = INCLUDE_SOURCE;
				MTL_FAST_MATH = YES;
				ONLY_ACTIVE_ARCH = YES;
				SDKROOT = iphoneos;
				SWIFT_ACTIVE_COMPILATION_CONDITIONS = DEBUG;
				SWIFT_OPTIMIZATION_LEVEL = "-Onone";
			};
			name = Debug;
		};
		5C78E03A22D5BED800915C25 /* Release */ = {
			isa = XCBuildConfiguration;
			buildSettings = {
				ALWAYS_SEARCH_USER_PATHS = NO;
				CLANG_ANALYZER_NONNULL = YES;
				CLANG_ANALYZER_NUMBER_OBJECT_CONVERSION = YES_AGGRESSIVE;
				CLANG_CXX_LANGUAGE_STANDARD = "gnu++14";
				CLANG_CXX_LIBRARY = "libc++";
				CLANG_ENABLE_MODULES = YES;
				CLANG_ENABLE_OBJC_ARC = YES;
				CLANG_ENABLE_OBJC_WEAK = YES;
				CLANG_WARN_BLOCK_CAPTURE_AUTORELEASING = YES;
				CLANG_WARN_BOOL_CONVERSION = YES;
				CLANG_WARN_COMMA = YES;
				CLANG_WARN_CONSTANT_CONVERSION = YES;
				CLANG_WARN_DEPRECATED_OBJC_IMPLEMENTATIONS = YES;
				CLANG_WARN_DIRECT_OBJC_ISA_USAGE = YES_ERROR;
				CLANG_WARN_DOCUMENTATION_COMMENTS = YES;
				CLANG_WARN_EMPTY_BODY = YES;
				CLANG_WARN_ENUM_CONVERSION = YES;
				CLANG_WARN_INFINITE_RECURSION = YES;
				CLANG_WARN_INT_CONVERSION = YES;
				CLANG_WARN_NON_LITERAL_NULL_CONVERSION = YES;
				CLANG_WARN_OBJC_IMPLICIT_RETAIN_SELF = YES;
				CLANG_WARN_OBJC_LITERAL_CONVERSION = YES;
				CLANG_WARN_OBJC_ROOT_CLASS = YES_ERROR;
				CLANG_WARN_RANGE_LOOP_ANALYSIS = YES;
				CLANG_WARN_STRICT_PROTOTYPES = YES;
				CLANG_WARN_SUSPICIOUS_MOVE = YES;
				CLANG_WARN_UNGUARDED_AVAILABILITY = YES_AGGRESSIVE;
				CLANG_WARN_UNREACHABLE_CODE = YES;
				CLANG_WARN__DUPLICATE_METHOD_MATCH = YES;
				CODE_SIGN_IDENTITY = "iPhone Developer";
				COPY_PHASE_STRIP = NO;
				DEBUG_INFORMATION_FORMAT = "dwarf-with-dsym";
				ENABLE_NS_ASSERTIONS = NO;
				ENABLE_STRICT_OBJC_MSGSEND = YES;
				GCC_C_LANGUAGE_STANDARD = gnu11;
				GCC_NO_COMMON_BLOCKS = YES;
				GCC_WARN_64_TO_32_BIT_CONVERSION = YES;
				GCC_WARN_ABOUT_RETURN_TYPE = YES_ERROR;
				GCC_WARN_UNDECLARED_SELECTOR = YES;
				GCC_WARN_UNINITIALIZED_AUTOS = YES_AGGRESSIVE;
				GCC_WARN_UNUSED_FUNCTION = YES;
				GCC_WARN_UNUSED_VARIABLE = YES;
				IPHONEOS_DEPLOYMENT_TARGET = 12.1;
				MTL_ENABLE_DEBUG_INFO = NO;
				MTL_FAST_MATH = YES;
				SDKROOT = iphoneos;
				SWIFT_COMPILATION_MODE = wholemodule;
				SWIFT_OPTIMIZATION_LEVEL = "-O";
				VALIDATE_PRODUCT = YES;
			};
			name = Release;
		};
		5C78E03C22D5BED800915C25 /* Debug */ = {
			isa = XCBuildConfiguration;
			buildSettings = {
				ASSETCATALOG_COMPILER_APPICON_NAME = AppIcon;
				CODE_SIGN_STYLE = Automatic;
				INFOPLIST_FILE = HLYunVillage/Info.plist;
				LD_RUNPATH_SEARCH_PATHS = (
					"$(inherited)",
					"@executable_path/Frameworks",
				);
				PRODUCT_BUNDLE_IDENTIFIER = HL.HLYunVillage;
				PRODUCT_NAME = "$(TARGET_NAME)";
				SWIFT_VERSION = 4.2;
				TARGETED_DEVICE_FAMILY = "1,2";
			};
			name = Debug;
		};
		5C78E03D22D5BED800915C25 /* Release */ = {
			isa = XCBuildConfiguration;
			buildSettings = {
				ASSETCATALOG_COMPILER_APPICON_NAME = AppIcon;
				CODE_SIGN_STYLE = Automatic;
				INFOPLIST_FILE = HLYunVillage/Info.plist;
				LD_RUNPATH_SEARCH_PATHS = (
					"$(inherited)",
					"@executable_path/Frameworks",
				);
				PRODUCT_BUNDLE_IDENTIFIER = HL.HLYunVillage;
				PRODUCT_NAME = "$(TARGET_NAME)";
				SWIFT_VERSION = 4.2;
				TARGETED_DEVICE_FAMILY = "1,2";
			};
			name = Release;
		};
		5C78E03F22D5BED800915C25 /* Debug */ = {
			isa = XCBuildConfiguration;
			buildSettings = {
				ALWAYS_EMBED_SWIFT_STANDARD_LIBRARIES = YES;
				BUNDLE_LOADER = "$(TEST_HOST)";
				CODE_SIGN_STYLE = Automatic;
				INFOPLIST_FILE = HLYunVillageTests/Info.plist;
				LD_RUNPATH_SEARCH_PATHS = (
					"$(inherited)",
					"@executable_path/Frameworks",
					"@loader_path/Frameworks",
				);
				PRODUCT_BUNDLE_IDENTIFIER = HL.HLYunVillageTests;
				PRODUCT_NAME = "$(TARGET_NAME)";
				SWIFT_VERSION = 4.2;
				TARGETED_DEVICE_FAMILY = "1,2";
				TEST_HOST = "$(BUILT_PRODUCTS_DIR)/HLYunVillage.app/HLYunVillage";
			};
			name = Debug;
		};
		5C78E04022D5BED800915C25 /* Release */ = {
			isa = XCBuildConfiguration;
			buildSettings = {
				ALWAYS_EMBED_SWIFT_STANDARD_LIBRARIES = YES;
				BUNDLE_LOADER = "$(TEST_HOST)";
				CODE_SIGN_STYLE = Automatic;
				INFOPLIST_FILE = HLYunVillageTests/Info.plist;
				LD_RUNPATH_SEARCH_PATHS = (
					"$(inherited)",
					"@executable_path/Frameworks",
					"@loader_path/Frameworks",
				);
				PRODUCT_BUNDLE_IDENTIFIER = HL.HLYunVillageTests;
				PRODUCT_NAME = "$(TARGET_NAME)";
				SWIFT_VERSION = 4.2;
				TARGETED_DEVICE_FAMILY = "1,2";
				TEST_HOST = "$(BUILT_PRODUCTS_DIR)/HLYunVillage.app/HLYunVillage";
			};
			name = Release;
		};
		5C78E04222D5BED800915C25 /* Debug */ = {
			isa = XCBuildConfiguration;
			buildSettings = {
				ALWAYS_EMBED_SWIFT_STANDARD_LIBRARIES = YES;
				CODE_SIGN_STYLE = Automatic;
				INFOPLIST_FILE = HLYunVillageUITests/Info.plist;
				LD_RUNPATH_SEARCH_PATHS = (
					"$(inherited)",
					"@executable_path/Frameworks",
					"@loader_path/Frameworks",
				);
				PRODUCT_BUNDLE_IDENTIFIER = HL.HLYunVillageUITests;
				PRODUCT_NAME = "$(TARGET_NAME)";
				SWIFT_VERSION = 4.2;
				TARGETED_DEVICE_FAMILY = "1,2";
				TEST_TARGET_NAME = HLYunVillage;
			};
			name = Debug;
		};
		5C78E04322D5BED800915C25 /* Release */ = {
			isa = XCBuildConfiguration;
			buildSettings = {
				ALWAYS_EMBED_SWIFT_STANDARD_LIBRARIES = YES;
				CODE_SIGN_STYLE = Automatic;
				INFOPLIST_FILE = HLYunVillageUITests/Info.plist;
				LD_RUNPATH_SEARCH_PATHS = (
					"$(inherited)",
					"@executable_path/Frameworks",
					"@loader_path/Frameworks",
				);
				PRODUCT_BUNDLE_IDENTIFIER = HL.HLYunVillageUITests;
				PRODUCT_NAME = "$(TARGET_NAME)";
				SWIFT_VERSION = 4.2;
				TARGETED_DEVICE_FAMILY = "1,2";
				TEST_TARGET_NAME = HLYunVillage;
			};
			name = Release;
		};
/* End XCBuildConfiguration section */

/* Begin XCConfigurationList section */
		5C78E00E22D5BED600915C25 /* Build configuration list for PBXProject "HLYunVillage" */ = {
			isa = XCConfigurationList;
			buildConfigurations = (
				5C78E03922D5BED800915C25 /* Debug */,
				5C78E03A22D5BED800915C25 /* Release */,
			);
			defaultConfigurationIsVisible = 0;
			defaultConfigurationName = Release;
		};
		5C78E03B22D5BED800915C25 /* Build configuration list for PBXNativeTarget "HLYunVillage" */ = {
			isa = XCConfigurationList;
			buildConfigurations = (
				5C78E03C22D5BED800915C25 /* Debug */,
				5C78E03D22D5BED800915C25 /* Release */,
			);
			defaultConfigurationIsVisible = 0;
			defaultConfigurationName = Release;
		};
		5C78E03E22D5BED800915C25 /* Build configuration list for PBXNativeTarget "HLYunVillageTests" */ = {
			isa = XCConfigurationList;
			buildConfigurations = (
				5C78E03F22D5BED800915C25 /* Debug */,
				5C78E04022D5BED800915C25 /* Release */,
			);
			defaultConfigurationIsVisible = 0;
			defaultConfigurationName = Release;
		};
		5C78E04122D5BED800915C25 /* Build configuration list for PBXNativeTarget "HLYunVillageUITests" */ = {
			isa = XCConfigurationList;
			buildConfigurations = (
				5C78E04222D5BED800915C25 /* Debug */,
				5C78E04322D5BED800915C25 /* Release */,
			);
			defaultConfigurationIsVisible = 0;
			defaultConfigurationName = Release;
		};
/* End XCConfigurationList section */
	};
	rootObject = 5C78E00B22D5BED600915C25 /* Project object */;
}
